
Microsoft Visual Studio Solution File, Format Version 12.00
# Visual Studio 15
VisualStudioVersion = 15.0.27004.2002
MinimumVisualStudioVersion = 10.0.40219.1
Project("{FAE04EC0-301F-11D3-BF4B-00C04F79EFBC}") = "DayOfWeek", "DayOfWeek\DayOfWeek.csproj", "{E08227CA-587D-4A90-B015-864680CCC08A}"
EndProject
Project("{FAE04EC0-301F-11D3-BF4B-00C04F79EFBC}") = "RandomizeWords", "RandomizeWords\RandomizeWords.csproj", "{8B229B57-FDDB-42B2-8421-0EE4FA9EF3F7}"
EndProject
Project("{FAE04EC0-301F-11D3-BF4B-00C04F79EFBC}") = "BigFactorial", "BigFactorial\BigFactorial.csproj", "{1B20FEA6-B4F6-4EAE-AE31-05BB7B22B344}"
EndProject
Project("{FAE04EC0-301F-11D3-BF4B-00C04F79EFBC}") = "DistanceBetweenPoints", "DistanceBetweenPoints\DistanceBetweenPoints.csproj", "{35335241-98EB-46C6-9BE4-B10FDD5DF15A}"
EndProject
Project("{FAE04EC0-301F-11D3-BF4B-00C04F79EFBC}") = "ClosestTwoPoints", "ClosestTwoPoints\ClosestTwoPoints.csproj", "{3B97E66B-2912-419A-8598-42F33829176F}"
EndProject
Project("{FAE04EC0-301F-11D3-BF4B-00C04F79EFBC}") = "CountWorkingDays", "CountWorkingDays\CountWorkingDays.csproj", "{85D49328-722A-4F26-8364-638D5FC7BEFC}"
EndProject
Project("{FAE04EC0-301F-11D3-BF4B-00C04F79EFBC}") = "AdvertisementMessage", "AdvertisementMessage\AdvertisementMessage.csproj", "{FAB79542-C622-4093-8276-D7FD12FD4784}"
EndProject
Project("{FAE04EC0-301F-11D3-BF4B-00C04F79EFBC}") = "IntersectionOfCircles", "IntersectionOfCircles\IntersectionOfCircles.csproj", "{86C501FC-8BD6-4F5E-AE1D-AC83608233E7}"
EndProject
Project("{FAE04EC0-301F-11D3-BF4B-00C04F79EFBC}") = "RectanglePosition", "RectanglePosition\RectanglePosition.csproj", "{C0A869BB-540C-4B74-ABF9-67638D7AEFEC}"
EndProject
Project("{FAE04EC0-301F-11D3-BF4B-00C04F79EFBC}") = "SalesReport", "SalesReport\SalesReport.csproj", "{342178B5-C099-4688-A442-0068D102EDE5}"
EndProject
Project("{FAE04EC0-301F-11D3-BF4B-00C04F79EFBC}") = "AverageGrades", "AverageGrades\AverageGrades.csproj", "{78912D0F-0C2F-4DAB-9FD4-313AC2FDF8FF}"
EndProject
Project("{FAE04EC0-301F-11D3-BF4B-00C04F79EFBC}") = "BookLibrary", "BookLibrary\BookLibrary.csproj", "{9B3F828C-E181-4E83-BEC8-05ED8C9AE119}"
EndProject
Project("{FAE04EC0-301F-11D3-BF4B-00C04F79EFBC}") = "BookLibraryModification", "BookLibraryModification\BookLibraryModification.csproj", "{D661C10B-C62A-4BF3-BFF6-D3EE45FA4D85}"
EndProject
Project("{FAE04EC0-301F-11D3-BF4B-00C04F79EFBC}") = "AndreyAndBilliard", "AndreyAndBilliard\AndreyAndBilliard.csproj", "{A7B8F424-AC38-4B1E-A9F0-322F2A4F285C}"
EndProject
Project("{FAE04EC0-301F-11D3-BF4B-00C04F79EFBC}") = "MentorGroup", "MentorGroup\MentorGroup.csproj", "{CD67CCB8-6B1E-4F94-A144-5BF54AE845CE}"
EndProject
Global
	GlobalSection(SolutionConfigurationPlatforms) = preSolution
		Debug|Any CPU = Debug|Any CPU
		Release|Any CPU = Release|Any CPU
	EndGlobalSection
	GlobalSection(ProjectConfigurationPlatforms) = postSolution
		{E08227CA-587D-4A90-B015-864680CCC08A}.Debug|Any CPU.ActiveCfg = Debug|Any CPU
		{E08227CA-587D-4A90-B015-864680CCC08A}.Debug|Any CPU.Build.0 = Debug|Any CPU
		{E08227CA-587D-4A90-B015-864680CCC08A}.Release|Any CPU.ActiveCfg = Release|Any CPU
		{E08227CA-587D-4A90-B015-864680CCC08A}.Release|Any CPU.Build.0 = Release|Any CPU
		{8B229B57-FDDB-42B2-8421-0EE4FA9EF3F7}.Debug|Any CPU.ActiveCfg = Debug|Any CPU
		{8B229B57-FDDB-42B2-8421-0EE4FA9EF3F7}.Debug|Any CPU.Build.0 = Debug|Any CPU
		{8B229B57-FDDB-42B2-8421-0EE4FA9EF3F7}.Release|Any CPU.ActiveCfg = Release|Any CPU
		{8B229B57-FDDB-42B2-8421-0EE4FA9EF3F7}.Release|Any CPU.Build.0 = Release|Any CPU
		{1B20FEA6-B4F6-4EAE-AE31-05BB7B22B344}.Debug|Any CPU.ActiveCfg = Debug|Any CPU
		{1B20FEA6-B4F6-4EAE-AE31-05BB7B22B344}.Debug|Any CPU.Build.0 = Debug|Any CPU
		{1B20FEA6-B4F6-4EAE-AE31-05BB7B22B344}.Release|Any CPU.ActiveCfg = Release|Any CPU
		{1B20FEA6-B4F6-4EAE-AE31-05BB7B22B344}.Release|Any CPU.Build.0 = Release|Any CPU
		{35335241-98EB-46C6-9BE4-B10FDD5DF15A}.Debug|Any CPU.ActiveCfg = Debug|Any CPU
		{35335241-98EB-46C6-9BE4-B10FDD5DF15A}.Debug|Any CPU.Build.0 = Debug|Any CPU
		{35335241-98EB-46C6-9BE4-B10FDD5DF15A}.Release|Any CPU.ActiveCfg = Release|Any CPU
		{35335241-98EB-46C6-9BE4-B10FDD5DF15A}.Release|Any CPU.Build.0 = Release|Any CPU
		{3B97E66B-2912-419A-8598-42F33829176F}.Debug|Any CPU.ActiveCfg = Debug|Any CPU
		{3B97E66B-2912-419A-8598-42F33829176F}.Debug|Any CPU.Build.0 = Debug|Any CPU
		{3B97E66B-2912-419A-8598-42F33829176F}.Release|Any CPU.ActiveCfg = Release|Any CPU
		{3B97E66B-2912-419A-8598-42F33829176F}.Release|Any CPU.Build.0 = Release|Any CPU
		{85D49328-722A-4F26-8364-638D5FC7BEFC}.Debug|Any CPU.ActiveCfg = Debug|Any CPU
		{85D49328-722A-4F26-8364-638D5FC7BEFC}.Debug|Any CPU.Build.0 = Debug|Any CPU
		{85D49328-722A-4F26-8364-638D5FC7BEFC}.Release|Any CPU.ActiveCfg = Release|Any CPU
		{85D49328-722A-4F26-8364-638D5FC7BEFC}.Release|Any CPU.Build.0 = Release|Any CPU
		{FAB79542-C622-4093-8276-D7FD12FD4784}.Debug|Any CPU.ActiveCfg = Debug|Any CPU
		{FAB79542-C622-4093-8276-D7FD12FD4784}.Debug|Any CPU.Build.0 = Debug|Any CPU
		{FAB79542-C622-4093-8276-D7FD12FD4784}.Release|Any CPU.ActiveCfg = Release|Any CPU
		{FAB79542-C622-4093-8276-D7FD12FD4784}.Release|Any CPU.Build.0 = Release|Any CPU
		{86C501FC-8BD6-4F5E-AE1D-AC83608233E7}.Debug|Any CPU.ActiveCfg = Debug|Any CPU
		{86C501FC-8BD6-4F5E-AE1D-AC83608233E7}.Debug|Any CPU.Build.0 = Debug|Any CPU
		{86C501FC-8BD6-4F5E-AE1D-AC83608233E7}.Release|Any CPU.ActiveCfg = Release|Any CPU
		{86C501FC-8BD6-4F5E-AE1D-AC83608233E7}.Release|Any CPU.Build.0 = Release|Any CPU
		{C0A869BB-540C-4B74-ABF9-67638D7AEFEC}.Debug|Any CPU.ActiveCfg = Debug|Any CPU
		{C0A869BB-540C-4B74-ABF9-67638D7AEFEC}.Debug|Any CPU.Build.0 = Debug|Any CPU
		{C0A869BB-540C-4B74-ABF9-67638D7AEFEC}.Release|Any CPU.ActiveCfg = Release|Any CPU
		{C0A869BB-540C-4B74-ABF9-67638D7AEFEC}.Release|Any CPU.Build.0 = Release|Any CPU
		{342178B5-C099-4688-A442-0068D102EDE5}.Debug|Any CPU.ActiveCfg = Debug|Any CPU
		{342178B5-C099-4688-A442-0068D102EDE5}.Debug|Any CPU.Build.0 = Debug|Any CPU
		{342178B5-C099-4688-A442-0068D102EDE5}.Release|Any CPU.ActiveCfg = Release|Any CPU
		{342178B5-C099-4688-A442-0068D102EDE5}.Release|Any CPU.Build.0 = Release|Any CPU
		{78912D0F-0C2F-4DAB-9FD4-313AC2FDF8FF}.Debug|Any CPU.ActiveCfg = Debug|Any CPU
		{78912D0F-0C2F-4DAB-9FD4-313AC2FDF8FF}.Debug|Any CPU.Build.0 = Debug|Any CPU
		{78912D0F-0C2F-4DAB-9FD4-313AC2FDF8FF}.Release|Any CPU.ActiveCfg = Release|Any CPU
		{78912D0F-0C2F-4DAB-9FD4-313AC2FDF8FF}.Release|Any CPU.Build.0 = Release|Any CPU
		{9B3F828C-E181-4E83-BEC8-05ED8C9AE119}.Debug|Any CPU.ActiveCfg = Debug|Any CPU
		{9B3F828C-E181-4E83-BEC8-05ED8C9AE119}.Debug|Any CPU.Build.0 = Debug|Any CPU
		{9B3F828C-E181-4E83-BEC8-05ED8C9AE119}.Release|Any CPU.ActiveCfg = Release|Any CPU
		{9B3F828C-E181-4E83-BEC8-05ED8C9AE119}.Release|Any CPU.Build.0 = Release|Any CPU
		{D661C10B-C62A-4BF3-BFF6-D3EE45FA4D85}.Debug|Any CPU.ActiveCfg = Debug|Any CPU
		{D661C10B-C62A-4BF3-BFF6-D3EE45FA4D85}.Debug|Any CPU.Build.0 = Debug|Any CPU
		{D661C10B-C62A-4BF3-BFF6-D3EE45FA4D85}.Release|Any CPU.ActiveCfg = Release|Any CPU
		{D661C10B-C62A-4BF3-BFF6-D3EE45FA4D85}.Release|Any CPU.Build.0 = Release|Any CPU
		{A7B8F424-AC38-4B1E-A9F0-322F2A4F285C}.Debug|Any CPU.ActiveCfg = Debug|Any CPU
		{A7B8F424-AC38-4B1E-A9F0-322F2A4F285C}.Debug|Any CPU.Build.0 = Debug|Any CPU
		{A7B8F424-AC38-4B1E-A9F0-322F2A4F285C}.Release|Any CPU.ActiveCfg = Release|Any CPU
		{A7B8F424-AC38-4B1E-A9F0-322F2A4F285C}.Release|Any CPU.Build.0 = Release|Any CPU
		{CD67CCB8-6B1E-4F94-A144-5BF54AE845CE}.Debug|Any CPU.ActiveCfg = Debug|Any CPU
		{CD67CCB8-6B1E-4F94-A144-5BF54AE845CE}.Debug|Any CPU.Build.0 = Debug|Any CPU
		{CD67CCB8-6B1E-4F94-A144-5BF54AE845CE}.Release|Any CPU.ActiveCfg = Release|Any CPU
		{CD67CCB8-6B1E-4F94-A144-5BF54AE845CE}.Release|Any CPU.Build.0 = Release|Any CPU
	EndGlobalSection
	GlobalSection(SolutionProperties) = preSolution
		HideSolutionNode = FALSE
	EndGlobalSection
	GlobalSection(ExtensibilityGlobals) = postSolution
		SolutionGuid = {59CBE03F-7585-49C7-9D66-FE04AA0B352F}
	EndGlobalSection
EndGlobal
