
Microsoft Visual Studio Solution File, Format Version 12.00
# Visual Studio 15
VisualStudioVersion = 15.0.27004.2002
MinimumVisualStudioVersion = 10.0.40219.1
Project("{FAE04EC0-301F-11D3-BF4B-00C04F79EFBC}") = "RemoveNegativesAndReverse", "RemoveNegativesAndReverse\RemoveNegativesAndReverse.csproj", "{6F2FE626-9308-4440-8223-BBD17645661B}"
EndProject
Project("{FAE04EC0-301F-11D3-BF4B-00C04F79EFBC}") = "MaxSequenceOfEqualElements", "MaxSequenceOfEqualElements\MaxSequenceOfEqualElements.csproj", "{65DCC528-66B2-46FC-AC22-5484D1B40131}"
EndProject
Project("{FAE04EC0-301F-11D3-BF4B-00C04F79EFBC}") = "ChangeList", "ChangeList\ChangeList.csproj", "{BD25B046-7F78-4835-ADC7-2287BBE1B757}"
EndProject
Project("{FAE04EC0-301F-11D3-BF4B-00C04F79EFBC}") = "SearchForNumber", "SearchForNumber\SearchForNumber.csproj", "{6D8F2D45-188C-4C13-BA00-54F57D023B7E}"
EndProject
Project("{FAE04EC0-301F-11D3-BF4B-00C04F79EFBC}") = "SumReversedNumbers", "SumReversedNumbers\SumReversedNumbers.csproj", "{BF43E8F8-B5F4-4A4D-9CC9-B8F33EDF4D17}"
EndProject
Project("{FAE04EC0-301F-11D3-BF4B-00C04F79EFBC}") = "BombNumbers", "BombNumbers\BombNumbers.csproj", "{B80DA535-1CA5-45F9-AA5C-F5E951E42FD0}"
EndProject
Project("{FAE04EC0-301F-11D3-BF4B-00C04F79EFBC}") = "ArrayManipulator", "ArrayManipulator\ArrayManipulator.csproj", "{A48ED652-D75B-4C02-A558-1A7F5D1450B2}"
EndProject
Global
	GlobalSection(SolutionConfigurationPlatforms) = preSolution
		Debug|Any CPU = Debug|Any CPU
		Release|Any CPU = Release|Any CPU
	EndGlobalSection
	GlobalSection(ProjectConfigurationPlatforms) = postSolution
		{6F2FE626-9308-4440-8223-BBD17645661B}.Debug|Any CPU.ActiveCfg = Debug|Any CPU
		{6F2FE626-9308-4440-8223-BBD17645661B}.Debug|Any CPU.Build.0 = Debug|Any CPU
		{6F2FE626-9308-4440-8223-BBD17645661B}.Release|Any CPU.ActiveCfg = Release|Any CPU
		{6F2FE626-9308-4440-8223-BBD17645661B}.Release|Any CPU.Build.0 = Release|Any CPU
		{65DCC528-66B2-46FC-AC22-5484D1B40131}.Debug|Any CPU.ActiveCfg = Debug|Any CPU
		{65DCC528-66B2-46FC-AC22-5484D1B40131}.Debug|Any CPU.Build.0 = Debug|Any CPU
		{65DCC528-66B2-46FC-AC22-5484D1B40131}.Release|Any CPU.ActiveCfg = Release|Any CPU
		{65DCC528-66B2-46FC-AC22-5484D1B40131}.Release|Any CPU.Build.0 = Release|Any CPU
		{BD25B046-7F78-4835-ADC7-2287BBE1B757}.Debug|Any CPU.ActiveCfg = Debug|Any CPU
		{BD25B046-7F78-4835-ADC7-2287BBE1B757}.Debug|Any CPU.Build.0 = Debug|Any CPU
		{BD25B046-7F78-4835-ADC7-2287BBE1B757}.Release|Any CPU.ActiveCfg = Release|Any CPU
		{BD25B046-7F78-4835-ADC7-2287BBE1B757}.Release|Any CPU.Build.0 = Release|Any CPU
		{6D8F2D45-188C-4C13-BA00-54F57D023B7E}.Debug|Any CPU.ActiveCfg = Debug|Any CPU
		{6D8F2D45-188C-4C13-BA00-54F57D023B7E}.Debug|Any CPU.Build.0 = Debug|Any CPU
		{6D8F2D45-188C-4C13-BA00-54F57D023B7E}.Release|Any CPU.ActiveCfg = Release|Any CPU
		{6D8F2D45-188C-4C13-BA00-54F57D023B7E}.Release|Any CPU.Build.0 = Release|Any CPU
		{BF43E8F8-B5F4-4A4D-9CC9-B8F33EDF4D17}.Debug|Any CPU.ActiveCfg = Debug|Any CPU
		{BF43E8F8-B5F4-4A4D-9CC9-B8F33EDF4D17}.Debug|Any CPU.Build.0 = Debug|Any CPU
		{BF43E8F8-B5F4-4A4D-9CC9-B8F33EDF4D17}.Release|Any CPU.ActiveCfg = Release|Any CPU
		{BF43E8F8-B5F4-4A4D-9CC9-B8F33EDF4D17}.Release|Any CPU.Build.0 = Release|Any CPU
		{B80DA535-1CA5-45F9-AA5C-F5E951E42FD0}.Debug|Any CPU.ActiveCfg = Debug|Any CPU
		{B80DA535-1CA5-45F9-AA5C-F5E951E42FD0}.Debug|Any CPU.Build.0 = Debug|Any CPU
		{B80DA535-1CA5-45F9-AA5C-F5E951E42FD0}.Release|Any CPU.ActiveCfg = Release|Any CPU
		{B80DA535-1CA5-45F9-AA5C-F5E951E42FD0}.Release|Any CPU.Build.0 = Release|Any CPU
		{A48ED652-D75B-4C02-A558-1A7F5D1450B2}.Debug|Any CPU.ActiveCfg = Debug|Any CPU
		{A48ED652-D75B-4C02-A558-1A7F5D1450B2}.Debug|Any CPU.Build.0 = Debug|Any CPU
		{A48ED652-D75B-4C02-A558-1A7F5D1450B2}.Release|Any CPU.ActiveCfg = Release|Any CPU
		{A48ED652-D75B-4C02-A558-1A7F5D1450B2}.Release|Any CPU.Build.0 = Release|Any CPU
	EndGlobalSection
	GlobalSection(SolutionProperties) = preSolution
		HideSolutionNode = FALSE
	EndGlobalSection
	GlobalSection(ExtensibilityGlobals) = postSolution
		SolutionGuid = {1349BA74-A431-4961-920E-5ECCD180B800}
	EndGlobalSection
EndGlobal
